
Microsoft Visual Studio Solution File, Format Version 12.00
# Visual Studio 14
VisualStudioVersion = 14.0.23107.0
MinimumVisualStudioVersion = 10.0.40219.1
Project("{FAE04EC0-301F-11D3-BF4B-00C04F79EFBC}") = "Products.UI", "Products.UI\Products.UI\Products.UI.csproj", "{CBA6A6D8-92F2-45D5-9C3E-D8535A822196}"
EndProject
Project("{FAE04EC0-301F-11D3-BF4B-00C04F79EFBC}") = "Products.Services", "Products.Services\Products.Services\Products.Services.csproj", "{F56D4280-89F7-4B1C-B14F-3F1CF7A93DD5}"
EndProject
Project("{FAE04EC0-301F-11D3-BF4B-00C04F79EFBC}") = "Products.DAL", "Products.DAL\Products.DAL\Products.DAL.csproj", "{4A13C49E-57C3-4361-80CC-6597E2C5B04F}"
EndProject
Global
	GlobalSection(SolutionConfigurationPlatforms) = preSolution
		Debug|Any CPU = Debug|Any CPU
		Release|Any CPU = Release|Any CPU
	EndGlobalSection
	GlobalSection(ProjectConfigurationPlatforms) = postSolution
		{CBA6A6D8-92F2-45D5-9C3E-D8535A822196}.Debug|Any CPU.ActiveCfg = Debug|Any CPU
		{CBA6A6D8-92F2-45D5-9C3E-D8535A822196}.Debug|Any CPU.Build.0 = Debug|Any CPU
		{CBA6A6D8-92F2-45D5-9C3E-D8535A822196}.Release|Any CPU.ActiveCfg = Release|Any CPU
		{CBA6A6D8-92F2-45D5-9C3E-D8535A822196}.Release|Any CPU.Build.0 = Release|Any CPU
		{F56D4280-89F7-4B1C-B14F-3F1CF7A93DD5}.Debug|Any CPU.ActiveCfg = Debug|Any CPU
		{F56D4280-89F7-4B1C-B14F-3F1CF7A93DD5}.Debug|Any CPU.Build.0 = Debug|Any CPU
		{F56D4280-89F7-4B1C-B14F-3F1CF7A93DD5}.Release|Any CPU.ActiveCfg = Release|Any CPU
		{F56D4280-89F7-4B1C-B14F-3F1CF7A93DD5}.Release|Any CPU.Build.0 = Release|Any CPU
		{4A13C49E-57C3-4361-80CC-6597E2C5B04F}.Debug|Any CPU.ActiveCfg = Debug|Any CPU
		{4A13C49E-57C3-4361-80CC-6597E2C5B04F}.Debug|Any CPU.Build.0 = Debug|Any CPU
		{4A13C49E-57C3-4361-80CC-6597E2C5B04F}.Release|Any CPU.ActiveCfg = Release|Any CPU
		{4A13C49E-57C3-4361-80CC-6597E2C5B04F}.Release|Any CPU.Build.0 = Release|Any CPU
	EndGlobalSection
	GlobalSection(SolutionProperties) = preSolution
		HideSolutionNode = FALSE
	EndGlobalSection
EndGlobal
